
Microsoft Visual Studio Solution File, Format Version 12.00
# Visual Studio Version 17
VisualStudioVersion = 17.3.32929.385
MinimumVisualStudioVersion = 10.0.40219.1
Project("{FAE04EC0-301F-11D3-BF4B-00C04F79EFBC}") = "FilmesAPI", "FilmesAPI.csproj", "{9946B14D-BFDA-4782-8FE3-977D70BC4610}"
EndProject
Global
	GlobalSection(SolutionConfigurationPlatforms) = preSolution
		Debug|Any CPU = Debug|Any CPU
		Release|Any CPU = Release|Any CPU
	EndGlobalSection
	GlobalSection(ProjectConfigurationPlatforms) = postSolution
		{9946B14D-BFDA-4782-8FE3-977D70BC4610}.Debug|Any CPU.ActiveCfg = Debug|Any CPU
		{9946B14D-BFDA-4782-8FE3-977D70BC4610}.Debug|Any CPU.Build.0 = Debug|Any CPU
		{9946B14D-BFDA-4782-8FE3-977D70BC4610}.Release|Any CPU.ActiveCfg = Release|Any CPU
		{9946B14D-BFDA-4782-8FE3-977D70BC4610}.Release|Any CPU.Build.0 = Release|Any CPU
	EndGlobalSection
	GlobalSection(SolutionProperties) = preSolution
		HideSolutionNode = FALSE
	EndGlobalSection
	GlobalSection(ExtensibilityGlobals) = postSolution
		SolutionGuid = {C6C37FF3-A6EA-4035-A27C-E05BF87935D3}
	EndGlobalSection
EndGlobal
